
Microsoft Visual Studio Solution File, Format Version 12.00
# Visual Studio Version 16
VisualStudioVersion = 16.0.30104.148
MinimumVisualStudioVersion = 10.0.40219.1
Project("{FAE04EC0-301F-11D3-BF4B-00C04F79EFBC}") = "UnException", "UnException\UnException.csproj", "{BF0C8B44-C873-407B-BBC6-4ABDE759F469}"
EndProject
Project("{FAE04EC0-301F-11D3-BF4B-00C04F79EFBC}") = "UnException.UnitTests", "UnException.UnitTests\UnException.UnitTests.csproj", "{EFC8B4BC-9627-4430-9528-ECF13E45C4F8}"
EndProject
Project("{FAE04EC0-301F-11D3-BF4B-00C04F79EFBC}") = "UnException.Swashbuckle", "UnException.Swashbuckle\UnException.Swashbuckle.csproj", "{405B4A59-F320-4561-8BA0-169168787557}"
EndProject
Project("{FAE04EC0-301F-11D3-BF4B-00C04F79EFBC}") = "UnException.Swashbuckle.UnitTests", "UnException.Swashbuckle.UnitTests\UnException.Swashbuckle.UnitTests.csproj", "{326C37D4-D3F2-425A-B9D9-A8C19451F395}"
EndProject
Global
	GlobalSection(SolutionConfigurationPlatforms) = preSolution
		Debug|Any CPU = Debug|Any CPU
		Release|Any CPU = Release|Any CPU
	EndGlobalSection
	GlobalSection(ProjectConfigurationPlatforms) = postSolution
		{BF0C8B44-C873-407B-BBC6-4ABDE759F469}.Debug|Any CPU.ActiveCfg = Debug|Any CPU
		{BF0C8B44-C873-407B-BBC6-4ABDE759F469}.Debug|Any CPU.Build.0 = Debug|Any CPU
		{BF0C8B44-C873-407B-BBC6-4ABDE759F469}.Release|Any CPU.ActiveCfg = Release|Any CPU
		{BF0C8B44-C873-407B-BBC6-4ABDE759F469}.Release|Any CPU.Build.0 = Release|Any CPU
		{EFC8B4BC-9627-4430-9528-ECF13E45C4F8}.Debug|Any CPU.ActiveCfg = Debug|Any CPU
		{EFC8B4BC-9627-4430-9528-ECF13E45C4F8}.Debug|Any CPU.Build.0 = Debug|Any CPU
		{EFC8B4BC-9627-4430-9528-ECF13E45C4F8}.Release|Any CPU.ActiveCfg = Release|Any CPU
		{EFC8B4BC-9627-4430-9528-ECF13E45C4F8}.Release|Any CPU.Build.0 = Release|Any CPU
		{405B4A59-F320-4561-8BA0-169168787557}.Debug|Any CPU.ActiveCfg = Debug|Any CPU
		{405B4A59-F320-4561-8BA0-169168787557}.Debug|Any CPU.Build.0 = Debug|Any CPU
		{405B4A59-F320-4561-8BA0-169168787557}.Release|Any CPU.ActiveCfg = Release|Any CPU
		{405B4A59-F320-4561-8BA0-169168787557}.Release|Any CPU.Build.0 = Release|Any CPU
		{326C37D4-D3F2-425A-B9D9-A8C19451F395}.Debug|Any CPU.ActiveCfg = Debug|Any CPU
		{326C37D4-D3F2-425A-B9D9-A8C19451F395}.Debug|Any CPU.Build.0 = Debug|Any CPU
		{326C37D4-D3F2-425A-B9D9-A8C19451F395}.Release|Any CPU.ActiveCfg = Release|Any CPU
		{326C37D4-D3F2-425A-B9D9-A8C19451F395}.Release|Any CPU.Build.0 = Release|Any CPU
	EndGlobalSection
	GlobalSection(SolutionProperties) = preSolution
		HideSolutionNode = FALSE
	EndGlobalSection
	GlobalSection(ExtensibilityGlobals) = postSolution
		SolutionGuid = {9CB47356-7745-4521-98B0-3A5F622BB844}
	EndGlobalSection
EndGlobal
